
Microsoft Visual Studio Solution File, Format Version 12.00
# Visual Studio 2013
VisualStudioVersion = 12.0.21005.1
MinimumVisualStudioVersion = 10.0.40219.1
Project("{FAE04EC0-301F-11D3-BF4B-00C04F79EFBC}") = "Arctium ClientDB Viewer", "ClientDB Viewer\Arctium ClientDB Viewer.csproj", "{920FABA8-40D4-423A-89CB-654B0DE0FEDD}"
EndProject
Project("{FAE04EC0-301F-11D3-BF4B-00C04F79EFBC}") = "Arctium Client Patcher", "Arctium Client Patcher\Arctium Client Patcher.csproj", "{4FDAB51A-38A8-441E-9ED3-E86EB79FF46D}"
EndProject
Global
	GlobalSection(SolutionConfigurationPlatforms) = preSolution
		Debug|x64 = Debug|x64
		Release|x64 = Release|x64
	EndGlobalSection
	GlobalSection(ProjectConfigurationPlatforms) = postSolution
		{920FABA8-40D4-423A-89CB-654B0DE0FEDD}.Debug|x64.ActiveCfg = Debug|x64
		{920FABA8-40D4-423A-89CB-654B0DE0FEDD}.Debug|x64.Build.0 = Debug|x64
		{920FABA8-40D4-423A-89CB-654B0DE0FEDD}.Release|x64.ActiveCfg = Release|x64
		{920FABA8-40D4-423A-89CB-654B0DE0FEDD}.Release|x64.Build.0 = Release|x64
		{4FDAB51A-38A8-441E-9ED3-E86EB79FF46D}.Debug|x64.ActiveCfg = Debug|x64
		{4FDAB51A-38A8-441E-9ED3-E86EB79FF46D}.Debug|x64.Build.0 = Debug|x64
		{4FDAB51A-38A8-441E-9ED3-E86EB79FF46D}.Release|x64.ActiveCfg = Release|x64
		{4FDAB51A-38A8-441E-9ED3-E86EB79FF46D}.Release|x64.Build.0 = Release|x64
	EndGlobalSection
	GlobalSection(SolutionProperties) = preSolution
		HideSolutionNode = FALSE
	EndGlobalSection
EndGlobal
